
Microsoft Visual Studio Solution File, Format Version 12.00
# Visual Studio 15
VisualStudioVersion = 15.0.27130.2024
MinimumVisualStudioVersion = 10.0.40219.1
Project("{FAE04EC0-301F-11D3-BF4B-00C04F79EFBC}") = "MantaMod", "MantaMod\MantaMod.csproj", "{A5C2D9A0-D1CF-4557-A8F5-C122EF92F094}"
EndProject
Global
	GlobalSection(SolutionConfigurationPlatforms) = preSolution
		Debug|Any CPU = Debug|Any CPU
		Release|Any CPU = Release|Any CPU
	EndGlobalSection
	GlobalSection(ProjectConfigurationPlatforms) = postSolution
		{A5C2D9A0-D1CF-4557-A8F5-C122EF92F094}.Debug|Any CPU.ActiveCfg = Debug|Any CPU
		{A5C2D9A0-D1CF-4557-A8F5-C122EF92F094}.Debug|Any CPU.Build.0 = Debug|Any CPU
		{A5C2D9A0-D1CF-4557-A8F5-C122EF92F094}.Release|Any CPU.ActiveCfg = Release|Any CPU
		{A5C2D9A0-D1CF-4557-A8F5-C122EF92F094}.Release|Any CPU.Build.0 = Release|Any CPU
	EndGlobalSection
	GlobalSection(SolutionProperties) = preSolution
		HideSolutionNode = FALSE
	EndGlobalSection
	GlobalSection(ExtensibilityGlobals) = postSolution
		SolutionGuid = {75FBE655-22F8-4CE2-B145-A30C5A25BE9A}
	EndGlobalSection
EndGlobal
